# This file is automatically @generated by Cargo.
# It is not intended for manual editing.
version = 3

[[package]]
name = "generator"
version = "0.1.0"
dependencies = [
 "krs_quote",
 "vk-parse",
]

[[package]]
name = "krs_hlist"
version = "0.1.0"
dependencies = [
 "krs_hlist_pm",
]

[[package]]
name = "krs_hlist_pm"
version = "0.1.0"

[[package]]
name = "krs_quote"
version = "0.1.0"
dependencies = [
 "krs_hlist",
 "krs_hlist_pm",
]

[[package]]
name = "vk-parse"
version = "0.6.0"
source = "registry+https://github.com/rust-lang/crates.io-index"
checksum = "9c1538fa783f47fb5a6eb495f024f426599a4fe66ff3773ff2252156c64d350a"
dependencies = [
 "xml-rs",
]

[[package]]
name = "vk-safe-sys"
version = "0.1.0"
dependencies = [
 "generator",
 "krs_hlist",
]

[[package]]
name = "xml-rs"
version = "0.8.4"
source = "registry+https://github.com/rust-lang/crates.io-index"
checksum = "d2d7d3948613f75c98fd9328cfdcc45acc4d360655289d0a7d4ec931392200a3"
